// !$*UTF8*$!
{
	archiveVersion = 1;
	classes = {
	};
	objectVersion = 55;
	objects = {

/* Begin PBXBuildFile section */
		22076EFD2909B5D600B3C8FD /* ChefSpecialsCell.swift in Sources */ = {isa = PBXBuildFile; fileRef = 22076EFC2909B5D600B3C8FD /* ChefSpecialsCell.swift */; };
		22076EFF2909D20700B3C8FD /* ChefSpecialsSectionVC.swift in Sources */ = {isa = PBXBuildFile; fileRef = 22076EFE2909D20700B3C8FD /* ChefSpecialsSectionVC.swift */; };
		2213EF6A28D128FD0024A030 /* OnboardingSlide.swift in Sources */ = {isa = PBXBuildFile; fileRef = 2213EF6928D128FD0024A030 /* OnboardingSlide.swift */; };
		22155FCD28CF6D3000AE6E03 /* AppDelegate.swift in Sources */ = {isa = PBXBuildFile; fileRef = 22155FCC28CF6D3000AE6E03 /* AppDelegate.swift */; };
		22155FCF28CF6D3000AE6E03 /* SceneDelegate.swift in Sources */ = {isa = PBXBuildFile; fileRef = 22155FCE28CF6D3000AE6E03 /* SceneDelegate.swift */; };
		22155FD628CF6D3300AE6E03 /* Assets.xcassets in Resources */ = {isa = PBXBuildFile; fileRef = 22155FD528CF6D3300AE6E03 /* Assets.xcassets */; };
		22155FD928CF6D3300AE6E03 /* LaunchScreen.storyboard in Resources */ = {isa = PBXBuildFile; fileRef = 22155FD728CF6D3300AE6E03 /* LaunchScreen.storyboard */; };
		22155FE428CF6FB700AE6E03 /* OATitleLabel.swift in Sources */ = {isa = PBXBuildFile; fileRef = 22155FE328CF6FB700AE6E03 /* OATitleLabel.swift */; };
		22155FE628CF6FE200AE6E03 /* OADescriptionLabel.swift in Sources */ = {isa = PBXBuildFile; fileRef = 22155FE528CF6FE200AE6E03 /* OADescriptionLabel.swift */; };
		22257B0D29070DC200FCB8A7 /* PopularDishesCell.swift in Sources */ = {isa = PBXBuildFile; fileRef = 22257B0C29070DC200FCB8A7 /* PopularDishesCell.swift */; };
		22257B112907326B00FCB8A7 /* PopularDishesSectionVC.swift in Sources */ = {isa = PBXBuildFile; fileRef = 22257B102907326B00FCB8A7 /* PopularDishesSectionVC.swift */; };
		2229CFE92900775300DFF379 /* SectionHeaderLabel.swift in Sources */ = {isa = PBXBuildFile; fileRef = 2229CFE82900775300DFF379 /* SectionHeaderLabel.swift */; };
		2229CFEF2900A59E00DFF379 /* RootCollectionViewCell.swift in Sources */ = {isa = PBXBuildFile; fileRef = 2229CFEE2900A59E00DFF379 /* RootCollectionViewCell.swift */; };
		2229CFF32900A63000DFF379 /* SectionVC.swift in Sources */ = {isa = PBXBuildFile; fileRef = 2229CFF22900A63000DFF379 /* SectionVC.swift */; };
		2229CFF52900ACAA00DFF379 /* FoodCatSectionVC.swift in Sources */ = {isa = PBXBuildFile; fileRef = 2229CFF42900ACAA00DFF379 /* FoodCatSectionVC.swift */; };
		222FBAC12904B52E00D8774B /* AllCategories.swift in Sources */ = {isa = PBXBuildFile; fileRef = 222FBAC02904B52E00D8774B /* AllCategories.swift */; };
		2237418828E21CFC003D7E3A /* NetworkManager.swift in Sources */ = {isa = PBXBuildFile; fileRef = 2237418728E21CFC003D7E3A /* NetworkManager.swift */; };
		2237418A28E2239A003D7E3A /* AllDishes.swift in Sources */ = {isa = PBXBuildFile; fileRef = 2237418928E2239A003D7E3A /* AllDishes.swift */; };
		2237418C28E22451003D7E3A /* DishCategory.swift in Sources */ = {isa = PBXBuildFile; fileRef = 2237418B28E22451003D7E3A /* DishCategory.swift */; };
		2237418E28E224DC003D7E3A /* Dish.swift in Sources */ = {isa = PBXBuildFile; fileRef = 2237418D28E224DC003D7E3A /* Dish.swift */; };
		2237419128E227A7003D7E3A /* YummieError.swift in Sources */ = {isa = PBXBuildFile; fileRef = 2237419028E227A7003D7E3A /* YummieError.swift */; };
		2237419328E241BD003D7E3A /* CellShadowView.swift in Sources */ = {isa = PBXBuildFile; fileRef = 2237419228E241BD003D7E3A /* CellShadowView.swift */; };
		2237419828E244D1003D7E3A /* FoodCategoryCell.swift in Sources */ = {isa = PBXBuildFile; fileRef = 2237419728E244D1003D7E3A /* FoodCategoryCell.swift */; };
		2237419A28E2463A003D7E3A /* OACellLabel.swift in Sources */ = {isa = PBXBuildFile; fileRef = 2237419928E2463A003D7E3A /* OACellLabel.swift */; };
		223C26D828D05DD8006CC15F /* OAButton.swift in Sources */ = {isa = PBXBuildFile; fileRef = 223C26D728D05DD8006CC15F /* OAButton.swift */; };
		223C26DC28D06142006CC15F /* OnboardingVC.swift in Sources */ = {isa = PBXBuildFile; fileRef = 223C26DB28D06142006CC15F /* OnboardingVC.swift */; };
		226C9666290D861F00556463 /* UIViewController+Ext.swift in Sources */ = {isa = PBXBuildFile; fileRef = 226C9665290D861F00556463 /* UIViewController+Ext.swift */; };
		226C9668290DC2A000556463 /* ListDishesVC.swift in Sources */ = {isa = PBXBuildFile; fileRef = 226C9667290DC2A000556463 /* ListDishesVC.swift */; };
		2279684928DC9DFE005F059B /* HomeVC.swift in Sources */ = {isa = PBXBuildFile; fileRef = 2279684828DC9DFD005F059B /* HomeVC.swift */; };
		228E0FC528D082E10055CD95 /* OnboardingCell.swift in Sources */ = {isa = PBXBuildFile; fileRef = 228E0FC428D082E10055CD95 /* OnboardingCell.swift */; };
		228E0FC828D083730055CD95 /* FlowLayout+Ext.swift in Sources */ = {isa = PBXBuildFile; fileRef = 228E0FC728D083730055CD95 /* FlowLayout+Ext.swift */; };
		22AE21F428F8AA4800649485 /* foodImageView.swift in Sources */ = {isa = PBXBuildFile; fileRef = 22AE21F328F8AA4800649485 /* foodImageView.swift */; };
/* End PBXBuildFile section */

/* Begin PBXFileReference section */
		22076EFC2909B5D600B3C8FD /* ChefSpecialsCell.swift */ = {isa = PBXFileReference; lastKnownFileType = sourcecode.swift; path = ChefSpecialsCell.swift; sourceTree = "<group>"; };
		22076EFE2909D20700B3C8FD /* ChefSpecialsSectionVC.swift */ = {isa = PBXFileReference; lastKnownFileType = sourcecode.swift; path = ChefSpecialsSectionVC.swift; sourceTree = "<group>"; };
		2213EF6928D128FD0024A030 /* OnboardingSlide.swift */ = {isa = PBXFileReference; lastKnownFileType = sourcecode.swift; path = OnboardingSlide.swift; sourceTree = "<group>"; };
		22155FC928CF6D3000AE6E03 /* OAYummie.app */ = {isa = PBXFileReference; explicitFileType = wrapper.application; includeInIndex = 0; path = OAYummie.app; sourceTree = BUILT_PRODUCTS_DIR; };
		22155FCC28CF6D3000AE6E03 /* AppDelegate.swift */ = {isa = PBXFileReference; lastKnownFileType = sourcecode.swift; path = AppDelegate.swift; sourceTree = "<group>"; };
		22155FCE28CF6D3000AE6E03 /* SceneDelegate.swift */ = {isa = PBXFileReference; lastKnownFileType = sourcecode.swift; path = SceneDelegate.swift; sourceTree = "<group>"; };
		22155FD528CF6D3300AE6E03 /* Assets.xcassets */ = {isa = PBXFileReference; lastKnownFileType = folder.assetcatalog; path = Assets.xcassets; sourceTree = "<group>"; };
		22155FD828CF6D3300AE6E03 /* Base */ = {isa = PBXFileReference; lastKnownFileType = file.storyboard; name = Base; path = Base.lproj/LaunchScreen.storyboard; sourceTree = "<group>"; };
		22155FDA28CF6D3300AE6E03 /* Info.plist */ = {isa = PBXFileReference; lastKnownFileType = text.plist.xml; path = Info.plist; sourceTree = "<group>"; };
		22155FE328CF6FB700AE6E03 /* OATitleLabel.swift */ = {isa = PBXFileReference; lastKnownFileType = sourcecode.swift; path = OATitleLabel.swift; sourceTree = "<group>"; };
		22155FE528CF6FE200AE6E03 /* OADescriptionLabel.swift */ = {isa = PBXFileReference; lastKnownFileType = sourcecode.swift; path = OADescriptionLabel.swift; sourceTree = "<group>"; };
		22257B0C29070DC200FCB8A7 /* PopularDishesCell.swift */ = {isa = PBXFileReference; lastKnownFileType = sourcecode.swift; path = PopularDishesCell.swift; sourceTree = "<group>"; };
		22257B102907326B00FCB8A7 /* PopularDishesSectionVC.swift */ = {isa = PBXFileReference; lastKnownFileType = sourcecode.swift; path = PopularDishesSectionVC.swift; sourceTree = "<group>"; };
		2229CFE82900775300DFF379 /* SectionHeaderLabel.swift */ = {isa = PBXFileReference; lastKnownFileType = sourcecode.swift; path = SectionHeaderLabel.swift; sourceTree = "<group>"; };
		2229CFEE2900A59E00DFF379 /* RootCollectionViewCell.swift */ = {isa = PBXFileReference; lastKnownFileType = sourcecode.swift; path = RootCollectionViewCell.swift; sourceTree = "<group>"; };
		2229CFF22900A63000DFF379 /* SectionVC.swift */ = {isa = PBXFileReference; lastKnownFileType = sourcecode.swift; path = SectionVC.swift; sourceTree = "<group>"; };
		2229CFF42900ACAA00DFF379 /* FoodCatSectionVC.swift */ = {isa = PBXFileReference; lastKnownFileType = sourcecode.swift; path = FoodCatSectionVC.swift; sourceTree = "<group>"; };
		222FBAC02904B52E00D8774B /* AllCategories.swift */ = {isa = PBXFileReference; lastKnownFileType = sourcecode.swift; path = AllCategories.swift; sourceTree = "<group>"; };
		2237418728E21CFC003D7E3A /* NetworkManager.swift */ = {isa = PBXFileReference; lastKnownFileType = sourcecode.swift; path = NetworkManager.swift; sourceTree = "<group>"; };
		2237418928E2239A003D7E3A /* AllDishes.swift */ = {isa = PBXFileReference; lastKnownFileType = sourcecode.swift; path = AllDishes.swift; sourceTree = "<group>"; };
		2237418B28E22451003D7E3A /* DishCategory.swift */ = {isa = PBXFileReference; lastKnownFileType = sourcecode.swift; path = DishCategory.swift; sourceTree = "<group>"; };
		2237418D28E224DC003D7E3A /* Dish.swift */ = {isa = PBXFileReference; lastKnownFileType = sourcecode.swift; path = Dish.swift; sourceTree = "<group>"; };
		2237419028E227A7003D7E3A /* YummieError.swift */ = {isa = PBXFileReference; lastKnownFileType = sourcecode.swift; path = YummieError.swift; sourceTree = "<group>"; };
		2237419228E241BD003D7E3A /* CellShadowView.swift */ = {isa = PBXFileReference; lastKnownFileType = sourcecode.swift; path = CellShadowView.swift; sourceTree = "<group>"; };
		2237419728E244D1003D7E3A /* FoodCategoryCell.swift */ = {isa = PBXFileReference; lastKnownFileType = sourcecode.swift; path = FoodCategoryCell.swift; sourceTree = "<group>"; };
		2237419928E2463A003D7E3A /* OACellLabel.swift */ = {isa = PBXFileReference; lastKnownFileType = sourcecode.swift; path = OACellLabel.swift; sourceTree = "<group>"; };
		223C26D728D05DD8006CC15F /* OAButton.swift */ = {isa = PBXFileReference; lastKnownFileType = sourcecode.swift; path = OAButton.swift; sourceTree = "<group>"; };
		223C26DB28D06142006CC15F /* OnboardingVC.swift */ = {isa = PBXFileReference; lastKnownFileType = sourcecode.swift; path = OnboardingVC.swift; sourceTree = "<group>"; };
		226C9665290D861F00556463 /* UIViewController+Ext.swift */ = {isa = PBXFileReference; lastKnownFileType = sourcecode.swift; path = "UIViewController+Ext.swift"; sourceTree = "<group>"; };
		226C9667290DC2A000556463 /* ListDishesVC.swift */ = {isa = PBXFileReference; lastKnownFileType = sourcecode.swift; path = ListDishesVC.swift; sourceTree = "<group>"; };
		2279684828DC9DFD005F059B /* HomeVC.swift */ = {isa = PBXFileReference; lastKnownFileType = sourcecode.swift; path = HomeVC.swift; sourceTree = "<group>"; };
		228E0FC428D082E10055CD95 /* OnboardingCell.swift */ = {isa = PBXFileReference; lastKnownFileType = sourcecode.swift; path = OnboardingCell.swift; sourceTree = "<group>"; };
		228E0FC728D083730055CD95 /* FlowLayout+Ext.swift */ = {isa = PBXFileReference; lastKnownFileType = sourcecode.swift; path = "FlowLayout+Ext.swift"; sourceTree = "<group>"; };
		22AE21F328F8AA4800649485 /* foodImageView.swift */ = {isa = PBXFileReference; lastKnownFileType = sourcecode.swift; path = foodImageView.swift; sourceTree = "<group>"; };
/* End PBXFileReference section */

/* Begin PBXFrameworksBuildPhase section */
		22155FC628CF6D3000AE6E03 /* Frameworks */ = {
			isa = PBXFrameworksBuildPhase;
			buildActionMask = 2147483647;
			files = (
			);
			runOnlyForDeploymentPostprocessing = 0;
		};
/* End PBXFrameworksBuildPhase section */

/* Begin PBXGroup section */
		2213EF6828D128E70024A030 /* Model */ = {
			isa = PBXGroup;
			children = (
				2213EF6928D128FD0024A030 /* OnboardingSlide.swift */,
				2237418928E2239A003D7E3A /* AllDishes.swift */,
				2237418B28E22451003D7E3A /* DishCategory.swift */,
				2237418D28E224DC003D7E3A /* Dish.swift */,
				222FBAC02904B52E00D8774B /* AllCategories.swift */,
			);
			path = Model;
			sourceTree = "<group>";
		};
		22155FC028CF6D3000AE6E03 = {
			isa = PBXGroup;
			children = (
				22155FCB28CF6D3000AE6E03 /* OAYummie */,
				22155FCA28CF6D3000AE6E03 /* Products */,
			);
			sourceTree = "<group>";
		};
		22155FCA28CF6D3000AE6E03 /* Products */ = {
			isa = PBXGroup;
			children = (
				22155FC928CF6D3000AE6E03 /* OAYummie.app */,
			);
			name = Products;
			sourceTree = "<group>";
		};
		22155FCB28CF6D3000AE6E03 /* OAYummie */ = {
			isa = PBXGroup;
			children = (
				2237418F28E22787003D7E3A /* Utilities */,
				2237418628E21CE9003D7E3A /* Manager */,
				2213EF6828D128E70024A030 /* Model */,
				228E0FC628D082F30055CD95 /* Extentions */,
				223C26DA28D06121006CC15F /* Screens  */,
				22155FE028CF6D9400AE6E03 /* CustomViews */,
				223C26D928D06108006CC15F /* Support */,
				22155FDA28CF6D3300AE6E03 /* Info.plist */,
			);
			path = OAYummie;
			sourceTree = "<group>";
		};
		22155FE028CF6D9400AE6E03 /* CustomViews */ = {
			isa = PBXGroup;
			children = (
				22AE21F228F8AA1600649485 /* ImageViews */,
				228E0FC028D0816B0055CD95 /* ViewControllers */,
				228E0FC128D081A20055CD95 /* Cells */,
				22155FE228CF6E4E00AE6E03 /* Labels */,
				22155FE128CF6E1D00AE6E03 /* Buttons */,
				2237419428E241C3003D7E3A /* Views */,
			);
			path = CustomViews;
			sourceTree = "<group>";
		};
		22155FE128CF6E1D00AE6E03 /* Buttons */ = {
			isa = PBXGroup;
			children = (
				223C26D728D05DD8006CC15F /* OAButton.swift */,
			);
			path = Buttons;
			sourceTree = "<group>";
		};
		22155FE228CF6E4E00AE6E03 /* Labels */ = {
			isa = PBXGroup;
			children = (
				2229CFE7290076E100DFF379 /* ColletionViewLabels */,
				22155FE328CF6FB700AE6E03 /* OATitleLabel.swift */,
				22155FE528CF6FE200AE6E03 /* OADescriptionLabel.swift */,
				2237419928E2463A003D7E3A /* OACellLabel.swift */,
			);
			path = Labels;
			sourceTree = "<group>";
		};
		2229CFE7290076E100DFF379 /* ColletionViewLabels */ = {
			isa = PBXGroup;
			children = (
				2229CFE82900775300DFF379 /* SectionHeaderLabel.swift */,
			);
			path = ColletionViewLabels;
			sourceTree = "<group>";
		};
		2237418628E21CE9003D7E3A /* Manager */ = {
			isa = PBXGroup;
			children = (
				2237418728E21CFC003D7E3A /* NetworkManager.swift */,
			);
			path = Manager;
			sourceTree = "<group>";
		};
		2237418F28E22787003D7E3A /* Utilities */ = {
			isa = PBXGroup;
			children = (
				2237419028E227A7003D7E3A /* YummieError.swift */,
			);
			path = Utilities;
			sourceTree = "<group>";
		};
		2237419428E241C3003D7E3A /* Views */ = {
			isa = PBXGroup;
			children = (
				2237419228E241BD003D7E3A /* CellShadowView.swift */,
			);
			path = Views;
			sourceTree = "<group>";
		};
		223C26D928D06108006CC15F /* Support */ = {
			isa = PBXGroup;
			children = (
				22155FCC28CF6D3000AE6E03 /* AppDelegate.swift */,
				22155FCE28CF6D3000AE6E03 /* SceneDelegate.swift */,
				22155FD528CF6D3300AE6E03 /* Assets.xcassets */,
				22155FD728CF6D3300AE6E03 /* LaunchScreen.storyboard */,
			);
			path = Support;
			sourceTree = "<group>";
		};
		223C26DA28D06121006CC15F /* Screens  */ = {
			isa = PBXGroup;
			children = (
				223C26DB28D06142006CC15F /* OnboardingVC.swift */,
				2279684828DC9DFD005F059B /* HomeVC.swift */,
				226C9667290DC2A000556463 /* ListDishesVC.swift */,
			);
			path = "Screens ";
			sourceTree = "<group>";
		};
		228E0FC028D0816B0055CD95 /* ViewControllers */ = {
			isa = PBXGroup;
			children = (
				2229CFF22900A63000DFF379 /* SectionVC.swift */,
				2229CFF42900ACAA00DFF379 /* FoodCatSectionVC.swift */,
				22257B102907326B00FCB8A7 /* PopularDishesSectionVC.swift */,
				22076EFE2909D20700B3C8FD /* ChefSpecialsSectionVC.swift */,
			);
			path = ViewControllers;
			sourceTree = "<group>";
		};
		228E0FC128D081A20055CD95 /* Cells */ = {
			isa = PBXGroup;
			children = (
				228E0FC428D082E10055CD95 /* OnboardingCell.swift */,
				2229CFEE2900A59E00DFF379 /* RootCollectionViewCell.swift */,
				2237419728E244D1003D7E3A /* FoodCategoryCell.swift */,
				22257B0C29070DC200FCB8A7 /* PopularDishesCell.swift */,
				22076EFC2909B5D600B3C8FD /* ChefSpecialsCell.swift */,
			);
			path = Cells;
			sourceTree = "<group>";
		};
		228E0FC628D082F30055CD95 /* Extentions */ = {
			isa = PBXGroup;
			children = (
				228E0FC728D083730055CD95 /* FlowLayout+Ext.swift */,
				226C9665290D861F00556463 /* UIViewController+Ext.swift */,
			);
			path = Extentions;
			sourceTree = "<group>";
		};
		22AE21F228F8AA1600649485 /* ImageViews */ = {
			isa = PBXGroup;
			children = (
				22AE21F328F8AA4800649485 /* foodImageView.swift */,
			);
			path = ImageViews;
			sourceTree = "<group>";
		};
/* End PBXGroup section */

/* Begin PBXNativeTarget section */
		22155FC828CF6D3000AE6E03 /* OAYummie */ = {
			isa = PBXNativeTarget;
			buildConfigurationList = 22155FDD28CF6D3300AE6E03 /* Build configuration list for PBXNativeTarget "OAYummie" */;
			buildPhases = (
				22155FC528CF6D3000AE6E03 /* Sources */,
				22155FC628CF6D3000AE6E03 /* Frameworks */,
				22155FC728CF6D3000AE6E03 /* Resources */,
			);
			buildRules = (
			);
			dependencies = (
			);
			name = OAYummie;
			productName = OAYummie;
			productReference = 22155FC928CF6D3000AE6E03 /* OAYummie.app */;
			productType = "com.apple.product-type.application";
		};
/* End PBXNativeTarget section */

/* Begin PBXProject section */
		22155FC128CF6D3000AE6E03 /* Project object */ = {
			isa = PBXProject;
			attributes = {
				BuildIndependentTargetsInParallel = 1;
				LastSwiftUpdateCheck = 1330;
				LastUpgradeCheck = 1330;
				TargetAttributes = {
					22155FC828CF6D3000AE6E03 = {
						CreatedOnToolsVersion = 13.3;
					};
				};
			};
			buildConfigurationList = 22155FC428CF6D3000AE6E03 /* Build configuration list for PBXProject "OAYummie" */;
			compatibilityVersion = "Xcode 13.0";
			developmentRegion = en;
			hasScannedForEncodings = 0;
			knownRegions = (
				en,
				Base,
			);
			mainGroup = 22155FC028CF6D3000AE6E03;
			productRefGroup = 22155FCA28CF6D3000AE6E03 /* Products */;
			projectDirPath = "";
			projectRoot = "";
			targets = (
				22155FC828CF6D3000AE6E03 /* OAYummie */,
			);
		};
/* End PBXProject section */

/* Begin PBXResourcesBuildPhase section */
		22155FC728CF6D3000AE6E03 /* Resources */ = {
			isa = PBXResourcesBuildPhase;
			buildActionMask = 2147483647;
			files = (
				22155FD928CF6D3300AE6E03 /* LaunchScreen.storyboard in Resources */,
				22155FD628CF6D3300AE6E03 /* Assets.xcassets in Resources */,
			);
			runOnlyForDeploymentPostprocessing = 0;
		};
/* End PBXResourcesBuildPhase section */

/* Begin PBXSourcesBuildPhase section */
		22155FC528CF6D3000AE6E03 /* Sources */ = {
			isa = PBXSourcesBuildPhase;
			buildActionMask = 2147483647;
			files = (
				2213EF6A28D128FD0024A030 /* OnboardingSlide.swift in Sources */,
				2237418C28E22451003D7E3A /* DishCategory.swift in Sources */,
				226C9668290DC2A000556463 /* ListDishesVC.swift in Sources */,
				2237419328E241BD003D7E3A /* CellShadowView.swift in Sources */,
				222FBAC12904B52E00D8774B /* AllCategories.swift in Sources */,
				2229CFF52900ACAA00DFF379 /* FoodCatSectionVC.swift in Sources */,
				2279684928DC9DFE005F059B /* HomeVC.swift in Sources */,
				22076EFF2909D20700B3C8FD /* ChefSpecialsSectionVC.swift in Sources */,
				228E0FC828D083730055CD95 /* FlowLayout+Ext.swift in Sources */,
				22257B0D29070DC200FCB8A7 /* PopularDishesCell.swift in Sources */,
				2237418828E21CFC003D7E3A /* NetworkManager.swift in Sources */,
				22155FE628CF6FE200AE6E03 /* OADescriptionLabel.swift in Sources */,
				223C26DC28D06142006CC15F /* OnboardingVC.swift in Sources */,
				228E0FC528D082E10055CD95 /* OnboardingCell.swift in Sources */,
				22155FCD28CF6D3000AE6E03 /* AppDelegate.swift in Sources */,
				2229CFF32900A63000DFF379 /* SectionVC.swift in Sources */,
				2237419828E244D1003D7E3A /* FoodCategoryCell.swift in Sources */,
				2237419A28E2463A003D7E3A /* OACellLabel.swift in Sources */,
				2237418A28E2239A003D7E3A /* AllDishes.swift in Sources */,
				22155FCF28CF6D3000AE6E03 /* SceneDelegate.swift in Sources */,
				2229CFE92900775300DFF379 /* SectionHeaderLabel.swift in Sources */,
				22257B112907326B00FCB8A7 /* PopularDishesSectionVC.swift in Sources */,
				22155FE428CF6FB700AE6E03 /* OATitleLabel.swift in Sources */,
				2229CFEF2900A59E00DFF379 /* RootCollectionViewCell.swift in Sources */,
				2237418E28E224DC003D7E3A /* Dish.swift in Sources */,
				2237419128E227A7003D7E3A /* YummieError.swift in Sources */,
				22AE21F428F8AA4800649485 /* foodImageView.swift in Sources */,
				223C26D828D05DD8006CC15F /* OAButton.swift in Sources */,
				226C9666290D861F00556463 /* UIViewController+Ext.swift in Sources */,
				22076EFD2909B5D600B3C8FD /* ChefSpecialsCell.swift in Sources */,
			);
			runOnlyForDeploymentPostprocessing = 0;
		};
/* End PBXSourcesBuildPhase section */

/* Begin PBXVariantGroup section */
		22155FD728CF6D3300AE6E03 /* LaunchScreen.storyboard */ = {
			isa = PBXVariantGroup;
			children = (
				22155FD828CF6D3300AE6E03 /* Base */,
			);
			name = LaunchScreen.storyboard;
			sourceTree = "<group>";
		};
/* End PBXVariantGroup section */

/* Begin XCBuildConfiguration section */
		22155FDB28CF6D3300AE6E03 /* Debug */ = {
			isa = XCBuildConfiguration;
			buildSettings = {
				ALWAYS_SEARCH_USER_PATHS = NO;
				CLANG_ANALYZER_NONNULL = YES;
				CLANG_ANALYZER_NUMBER_OBJECT_CONVERSION = YES_AGGRESSIVE;
				CLANG_CXX_LANGUAGE_STANDARD = "gnu++17";
				CLANG_ENABLE_MODULES = YES;
				CLANG_ENABLE_OBJC_ARC = YES;
				CLANG_ENABLE_OBJC_WEAK = YES;
				CLANG_WARN_BLOCK_CAPTURE_AUTORELEASING = YES;
				CLANG_WARN_BOOL_CONVERSION = YES;
				CLANG_WARN_COMMA = YES;
				CLANG_WARN_CONSTANT_CONVERSION = YES;
				CLANG_WARN_DEPRECATED_OBJC_IMPLEMENTATIONS = YES;
				CLANG_WARN_DIRECT_OBJC_ISA_USAGE = YES_ERROR;
				CLANG_WARN_DOCUMENTATION_COMMENTS = YES;
				CLANG_WARN_EMPTY_BODY = YES;
				CLANG_WARN_ENUM_CONVERSION = YES;
				CLANG_WARN_INFINITE_RECURSION = YES;
				CLANG_WARN_INT_CONVERSION = YES;
				CLANG_WARN_NON_LITERAL_NULL_CONVERSION = YES;
				CLANG_WARN_OBJC_IMPLICIT_RETAIN_SELF = YES;
				CLANG_WARN_OBJC_LITERAL_CONVERSION = YES;
				CLANG_WARN_OBJC_ROOT_CLASS = YES_ERROR;
				CLANG_WARN_QUOTED_INCLUDE_IN_FRAMEWORK_HEADER = YES;
				CLANG_WARN_RANGE_LOOP_ANALYSIS = YES;
				CLANG_WARN_STRICT_PROTOTYPES = YES;
				CLANG_WARN_SUSPICIOUS_MOVE = YES;
				CLANG_WARN_UNGUARDED_AVAILABILITY = YES_AGGRESSIVE;
				CLANG_WARN_UNREACHABLE_CODE = YES;
				CLANG_WARN__DUPLICATE_METHOD_MATCH = YES;
				COPY_PHASE_STRIP = NO;
				DEBUG_INFORMATION_FORMAT = dwarf;
				ENABLE_STRICT_OBJC_MSGSEND = YES;
				ENABLE_TESTABILITY = YES;
				GCC_C_LANGUAGE_STANDARD = gnu11;
				GCC_DYNAMIC_NO_PIC = NO;
				GCC_NO_COMMON_BLOCKS = YES;
				GCC_OPTIMIZATION_LEVEL = 0;
				GCC_PREPROCESSOR_DEFINITIONS = (
					"DEBUG=1",
					"$(inherited)",
				);
				GCC_WARN_64_TO_32_BIT_CONVERSION = YES;
				GCC_WARN_ABOUT_RETURN_TYPE = YES_ERROR;
				GCC_WARN_UNDECLARED_SELECTOR = YES;
				GCC_WARN_UNINITIALIZED_AUTOS = YES_AGGRESSIVE;
				GCC_WARN_UNUSED_FUNCTION = YES;
				GCC_WARN_UNUSED_VARIABLE = YES;
				IPHONEOS_DEPLOYMENT_TARGET = 15.4;
				MTL_ENABLE_DEBUG_INFO = INCLUDE_SOURCE;
				MTL_FAST_MATH = YES;
				ONLY_ACTIVE_ARCH = YES;
				SDKROOT = iphoneos;
				SWIFT_ACTIVE_COMPILATION_CONDITIONS = DEBUG;
				SWIFT_OPTIMIZATION_LEVEL = "-Onone";
			};
			name = Debug;
		};
		22155FDC28CF6D3300AE6E03 /* Release */ = {
			isa = XCBuildConfiguration;
			buildSettings = {
				ALWAYS_SEARCH_USER_PATHS = NO;
				CLANG_ANALYZER_NONNULL = YES;
				CLANG_ANALYZER_NUMBER_OBJECT_CONVERSION = YES_AGGRESSIVE;
				CLANG_CXX_LANGUAGE_STANDARD = "gnu++17";
				CLANG_ENABLE_MODULES = YES;
				CLANG_ENABLE_OBJC_ARC = YES;
				CLANG_ENABLE_OBJC_WEAK = YES;
				CLANG_WARN_BLOCK_CAPTURE_AUTORELEASING = YES;
				CLANG_WARN_BOOL_CONVERSION = YES;
				CLANG_WARN_COMMA = YES;
				CLANG_WARN_CONSTANT_CONVERSION = YES;
				CLANG_WARN_DEPRECATED_OBJC_IMPLEMENTATIONS = YES;
				CLANG_WARN_DIRECT_OBJC_ISA_USAGE = YES_ERROR;
				CLANG_WARN_DOCUMENTATION_COMMENTS = YES;
				CLANG_WARN_EMPTY_BODY = YES;
				CLANG_WARN_ENUM_CONVERSION = YES;
				CLANG_WARN_INFINITE_RECURSION = YES;
				CLANG_WARN_INT_CONVERSION = YES;
				CLANG_WARN_NON_LITERAL_NULL_CONVERSION = YES;
				CLANG_WARN_OBJC_IMPLICIT_RETAIN_SELF = YES;
				CLANG_WARN_OBJC_LITERAL_CONVERSION = YES;
				CLANG_WARN_OBJC_ROOT_CLASS = YES_ERROR;
				CLANG_WARN_QUOTED_INCLUDE_IN_FRAMEWORK_HEADER = YES;
				CLANG_WARN_RANGE_LOOP_ANALYSIS = YES;
				CLANG_WARN_STRICT_PROTOTYPES = YES;
				CLANG_WARN_SUSPICIOUS_MOVE = YES;
				CLANG_WARN_UNGUARDED_AVAILABILITY = YES_AGGRESSIVE;
				CLANG_WARN_UNREACHABLE_CODE = YES;
				CLANG_WARN__DUPLICATE_METHOD_MATCH = YES;
				COPY_PHASE_STRIP = NO;
				DEBUG_INFORMATION_FORMAT = "dwarf-with-dsym";
				ENABLE_NS_ASSERTIONS = NO;
				ENABLE_STRICT_OBJC_MSGSEND = YES;
				GCC_C_LANGUAGE_STANDARD = gnu11;
				GCC_NO_COMMON_BLOCKS = YES;
				GCC_WARN_64_TO_32_BIT_CONVERSION = YES;
				GCC_WARN_ABOUT_RETURN_TYPE = YES_ERROR;
				GCC_WARN_UNDECLARED_SELECTOR = YES;
				GCC_WARN_UNINITIALIZED_AUTOS = YES_AGGRESSIVE;
				GCC_WARN_UNUSED_FUNCTION = YES;
				GCC_WARN_UNUSED_VARIABLE = YES;
				IPHONEOS_DEPLOYMENT_TARGET = 15.4;
				MTL_ENABLE_DEBUG_INFO = NO;
				MTL_FAST_MATH = YES;
				SDKROOT = iphoneos;
				SWIFT_COMPILATION_MODE = wholemodule;
				SWIFT_OPTIMIZATION_LEVEL = "-O";
				VALIDATE_PRODUCT = YES;
			};
			name = Release;
		};
		22155FDE28CF6D3300AE6E03 /* Debug */ = {
			isa = XCBuildConfiguration;
			buildSettings = {
				ASSETCATALOG_COMPILER_APPICON_NAME = AppIcon;
				ASSETCATALOG_COMPILER_GLOBAL_ACCENT_COLOR_NAME = AccentColor;
				CODE_SIGN_STYLE = Automatic;
				CURRENT_PROJECT_VERSION = 1;
				GENERATE_INFOPLIST_FILE = YES;
				INFOPLIST_FILE = OAYummie/Info.plist;
				INFOPLIST_KEY_UIApplicationSupportsIndirectInputEvents = YES;
				INFOPLIST_KEY_UILaunchStoryboardName = LaunchScreen;
				INFOPLIST_KEY_UISupportedInterfaceOrientations_iPad = "UIInterfaceOrientationPortrait UIInterfaceOrientationPortraitUpsideDown UIInterfaceOrientationLandscapeLeft UIInterfaceOrientationLandscapeRight";
				INFOPLIST_KEY_UISupportedInterfaceOrientations_iPhone = "UIInterfaceOrientationPortrait UIInterfaceOrientationLandscapeLeft UIInterfaceOrientationLandscapeRight";
				LD_RUNPATH_SEARCH_PATHS = (
					"$(inherited)",
					"@executable_path/Frameworks",
				);
				MARKETING_VERSION = 1.0;
				PRODUCT_BUNDLE_IDENTIFIER = com.udacity.OAYummie;
				PRODUCT_NAME = "$(TARGET_NAME)";
				SWIFT_EMIT_LOC_STRINGS = YES;
				SWIFT_VERSION = 5.0;
				TARGETED_DEVICE_FAMILY = "1,2";
			};
			name = Debug;
		};
		22155FDF28CF6D3300AE6E03 /* Release */ = {
			isa = XCBuildConfiguration;
			buildSettings = {
				ASSETCATALOG_COMPILER_APPICON_NAME = AppIcon;
				ASSETCATALOG_COMPILER_GLOBAL_ACCENT_COLOR_NAME = AccentColor;
				CODE_SIGN_STYLE = Automatic;
				CURRENT_PROJECT_VERSION = 1;
				GENERATE_INFOPLIST_FILE = YES;
				INFOPLIST_FILE = OAYummie/Info.plist;
				INFOPLIST_KEY_UIApplicationSupportsIndirectInputEvents = YES;
				INFOPLIST_KEY_UILaunchStoryboardName = LaunchScreen;
				INFOPLIST_KEY_UISupportedInterfaceOrientations_iPad = "UIInterfaceOrientationPortrait UIInterfaceOrientationPortraitUpsideDown UIInterfaceOrientationLandscapeLeft UIInterfaceOrientationLandscapeRight";
				INFOPLIST_KEY_UISupportedInterfaceOrientations_iPhone = "UIInterfaceOrientationPortrait UIInterfaceOrientationLandscapeLeft UIInterfaceOrientationLandscapeRight";
				LD_RUNPATH_SEARCH_PATHS = (
					"$(inherited)",
					"@executable_path/Frameworks",
				);
				MARKETING_VERSION = 1.0;
				PRODUCT_BUNDLE_IDENTIFIER = com.udacity.OAYummie;
				PRODUCT_NAME = "$(TARGET_NAME)";
				SWIFT_EMIT_LOC_STRINGS = YES;
				SWIFT_VERSION = 5.0;
				TARGETED_DEVICE_FAMILY = "1,2";
			};
			name = Release;
		};
/* End XCBuildConfiguration section */

/* Begin XCConfigurationList section */
		22155FC428CF6D3000AE6E03 /* Build configuration list for PBXProject "OAYummie" */ = {
			isa = XCConfigurationList;
			buildConfigurations = (
				22155FDB28CF6D3300AE6E03 /* Debug */,
				22155FDC28CF6D3300AE6E03 /* Release */,
			);
			defaultConfigurationIsVisible = 0;
			defaultConfigurationName = Release;
		};
		22155FDD28CF6D3300AE6E03 /* Build configuration list for PBXNativeTarget "OAYummie" */ = {
			isa = XCConfigurationList;
			buildConfigurations = (
				22155FDE28CF6D3300AE6E03 /* Debug */,
				22155FDF28CF6D3300AE6E03 /* Release */,
			);
			defaultConfigurationIsVisible = 0;
			defaultConfigurationName = Release;
		};
/* End XCConfigurationList section */
	};
	rootObject = 22155FC128CF6D3000AE6E03 /* Project object */;
}
